
Microsoft Visual Studio Solution File, Format Version 12.00
# Visual Studio Version 17
VisualStudioVersion = 17.13.35806.99 d17.13
MinimumVisualStudioVersion = 10.0.40219.1
Project("{FAE04EC0-301F-11D3-BF4B-00C04F79EFBC}") = "RetrainingScheduler", "RetrainingScheduler\RetrainingScheduler.csproj", "{DC62D987-824E-4C61-8398-C7F566BE9178}"
EndProject
Project("{FAE04EC0-301F-11D3-BF4B-00C04F79EFBC}") = "RetrainingScheduler.Test", "RetrainingScheduler.Test\RetrainingScheduler.Test.csproj", "{659857D7-B41C-4BA8-876E-BAEAAA64894B}"
EndProject
Global
	GlobalSection(SolutionConfigurationPlatforms) = preSolution
		Debug|Any CPU = Debug|Any CPU
		Release|Any CPU = Release|Any CPU
	EndGlobalSection
	GlobalSection(ProjectConfigurationPlatforms) = postSolution
		{DC62D987-824E-4C61-8398-C7F566BE9178}.Debug|Any CPU.ActiveCfg = Debug|Any CPU
		{DC62D987-824E-4C61-8398-C7F566BE9178}.Debug|Any CPU.Build.0 = Debug|Any CPU
		{DC62D987-824E-4C61-8398-C7F566BE9178}.Release|Any CPU.ActiveCfg = Release|Any CPU
		{DC62D987-824E-4C61-8398-C7F566BE9178}.Release|Any CPU.Build.0 = Release|Any CPU
		{659857D7-B41C-4BA8-876E-BAEAAA64894B}.Debug|Any CPU.ActiveCfg = Debug|Any CPU
		{659857D7-B41C-4BA8-876E-BAEAAA64894B}.Debug|Any CPU.Build.0 = Debug|Any CPU
		{659857D7-B41C-4BA8-876E-BAEAAA64894B}.Release|Any CPU.ActiveCfg = Release|Any CPU
		{659857D7-B41C-4BA8-876E-BAEAAA64894B}.Release|Any CPU.Build.0 = Release|Any CPU
	EndGlobalSection
	GlobalSection(SolutionProperties) = preSolution
		HideSolutionNode = FALSE
	EndGlobalSection
	GlobalSection(ExtensibilityGlobals) = postSolution
		SolutionGuid = {77C06E90-5A76-49C2-BD41-7680EF493E1D}
	EndGlobalSection
EndGlobal
